{
  "version": 4,
  "terraform_version": "0.12.0",
  "serial": 9,
  "lineage": "f01afde0-a003-84ca-7bfc-a225174972fd",
  "outputs": {},
  "resources": [
    {
      "mode": "data",
      "type": "aws_security_group",
      "name": "http",
      "provider": "provider.aws",
      "instances": [
        {
          "schema_version": 0,
          "attributes": {
            "arn": "arn:aws:ec2:ap-northeast-1:198098511860:security-group/sg-06a03322ef46c5cff",
            "description": "Managed by Terraform",
            "filter": [
              {
                "name": "tag:Name",
                "values": [
                  "prod-ivy-http-sg"
                ]
              }
            ],
            "id": "sg-06a03322ef46c5cff",
            "name": "prod-ivy-http-sg",
            "tags": {
              "Name": "prod-ivy-http-sg"
            },
            "vpc_id": "vpc-0c375c2ac738dcd6d"
          }
        }
      ]
    },
    {
      "mode": "data",
      "type": "aws_security_group",
      "name": "https",
      "provider": "provider.aws",
      "instances": [
        {
          "schema_version": 0,
          "attributes": {
            "arn": "arn:aws:ec2:ap-northeast-1:198098511860:security-group/sg-03a466018db8b4f0b",
            "description": "Managed by Terraform",
            "filter": [
              {
                "name": "tag:Name",
                "values": [
                  "prod-ivy-https-sg"
                ]
              }
            ],
            "id": "sg-03a466018db8b4f0b",
            "name": "prod-ivy-https-sg",
            "tags": {
              "Name": "prod-ivy-https-sg"
            },
            "vpc_id": "vpc-0c375c2ac738dcd6d"
          }
        }
      ]
    },
    {
      "mode": "data",
      "type": "aws_security_group",
      "name": "ssh",
      "provider": "provider.aws",
      "instances": [
        {
          "schema_version": 0,
          "attributes": {
            "arn": "arn:aws:ec2:ap-northeast-1:198098511860:security-group/sg-067cd4b74209ab576",
            "description": "Managed by Terraform",
            "filter": [
              {
                "name": "tag:Name",
                "values": [
                  "prod-ivy-ssh-sg"
                ]
              }
            ],
            "id": "sg-067cd4b74209ab576",
            "name": "prod-ivy-ssh-sg",
            "tags": {
              "Name": "prod-ivy-ssh-sg"
            },
            "vpc_id": "vpc-0c375c2ac738dcd6d"
          }
        }
      ]
    },
    {
      "mode": "managed",
      "type": "aws_launch_configuration",
      "name": "ver_1",
      "provider": "provider.aws",
      "instances": [
        {
          "schema_version": 0,
          "attributes": {
            "arn": "arn:aws:autoscaling:ap-northeast-1:198098511860:launchConfiguration:380c67ab-da5f-4260-a22d-d3e60a58a581:launchConfigurationName/prod-ivy-amzn2-t2small-20200609074830789700000001",
            "associate_public_ip_address": true,
            "ebs_block_device": [],
            "ebs_optimized": false,
            "enable_monitoring": true,
            "ephemeral_block_device": [],
            "iam_instance_profile": "",
            "id": "prod-ivy-amzn2-t2small-20200609074830789700000001",
            "image_id": "ami-0a1c2ec61571737db",
            "instance_type": "t2.small",
            "key_name": "hassyadai",
            "name": "prod-ivy-amzn2-t2small-20200609074830789700000001",
            "name_prefix": "prod-ivy-amzn2-t2small-",
            "placement_tenancy": null,
            "root_block_device": [],
            "security_groups": [
              "sg-03a466018db8b4f0b",
              "sg-067cd4b74209ab576",
              "sg-06a03322ef46c5cff"
            ],
            "spot_price": "",
            "user_data": "d40f383c838e5f181be2252428434a6df8298e9f",
            "user_data_base64": null,
            "vpc_classic_link_id": "",
            "vpc_classic_link_security_groups": null
          },
          "depends_on": [
            "data.aws_security_group.http",
            "data.aws_security_group.https",
            "data.aws_security_group.ssh"
          ]
        },
        {
          "deposed": "d3f1f843",
          "schema_version": 0,
          "attributes": {
            "arn": "arn:aws:autoscaling:ap-northeast-1:198098511860:launchConfiguration:42d608d1-798c-4f14-937e-986ec5bbc2ba:launchConfigurationName/prod-ivy-amzn2-t2small-20200609070548144100000001",
            "associate_public_ip_address": true,
            "ebs_block_device": [],
            "ebs_optimized": false,
            "enable_monitoring": true,
            "ephemeral_block_device": [],
            "iam_instance_profile": "",
            "id": "prod-ivy-amzn2-t2small-20200609070548144100000001",
            "image_id": "ami-0a1c2ec61571737db",
            "instance_type": "t2.small",
            "key_name": "hassyadai",
            "name": "prod-ivy-amzn2-t2small-20200609070548144100000001",
            "name_prefix": "prod-ivy-amzn2-t2small-",
            "placement_tenancy": null,
            "root_block_device": [],
            "security_groups": [
              "sg-03a466018db8b4f0b",
              "sg-067cd4b74209ab576",
              "sg-06a03322ef46c5cff"
            ],
            "spot_price": "",
            "user_data": "e63a75fb0027c179ac45f8d08b5d6aa13a6316c6",
            "user_data_base64": null,
            "vpc_classic_link_id": "",
            "vpc_classic_link_security_groups": []
          }
        }
      ]
    }
  ]
}
