{
  "version": 4,
  "terraform_version": "0.12.0",
  "serial": 4,
  "lineage": "4100a8b9-afd6-e1d0-3276-9494240f9899",
  "outputs": {},
  "resources": [
    {
      "mode": "data",
      "type": "aws_route53_zone",
      "name": "this",
      "provider": "provider.aws",
      "instances": [
        {
          "schema_version": 0,
          "attributes": {
            "caller_reference": "771986CD-DAAC-D9AF-AC11-07353B2E7A41",
            "comment": "",
            "id": "Z0063401O8BHHAJRQPPJ",
            "linked_service_description": null,
            "linked_service_principal": null,
            "name": "chat-boost.hassyadai.com.",
            "name_servers": [
              "ns-1871.awsdns-41.co.uk",
              "ns-1278.awsdns-31.org",
              "ns-464.awsdns-58.com",
              "ns-682.awsdns-21.net"
            ],
            "private_zone": false,
            "resource_record_set_count": 2,
            "tags": {},
            "vpc_id": null,
            "zone_id": "Z0063401O8BHHAJRQPPJ"
          }
        }
      ]
    },
    {
      "mode": "managed",
      "type": "aws_acm_certificate",
      "name": "this",
      "provider": "provider.aws",
      "instances": [
        {
          "schema_version": 0,
          "attributes": {
            "arn": "arn:aws:acm:ap-northeast-1:198098511860:certificate/13e83070-3aea-4870-aebe-0f289ba7c82a",
            "certificate_authority_arn": "",
            "certificate_body": null,
            "certificate_chain": null,
            "domain_name": "chat-boost.hassyadai.com",
            "domain_validation_options": [
              {
                "domain_name": "chat-boost.hassyadai.com",
                "resource_record_name": "_d5adb3559f5e7bbc5822d9923c2530fe.chat-boost.hassyadai.com.",
                "resource_record_type": "CNAME",
                "resource_record_value": "_19ec024be77566e0e57e77e2de3e4efe.tfmgdnztqk.acm-validations.aws."
              }
            ],
            "id": "arn:aws:acm:ap-northeast-1:198098511860:certificate/13e83070-3aea-4870-aebe-0f289ba7c82a",
            "options": [
              {
                "certificate_transparency_logging_preference": "ENABLED"
              }
            ],
            "private_key": null,
            "subject_alternative_names": [],
            "tags": null,
            "validation_emails": [],
            "validation_method": "DNS"
          }
        }
      ]
    },
    {
      "mode": "managed",
      "type": "aws_acm_certificate_validation",
      "name": "this",
      "provider": "provider.aws",
      "instances": [
        {
          "schema_version": 0,
          "attributes": {
            "certificate_arn": "arn:aws:acm:ap-northeast-1:198098511860:certificate/13e83070-3aea-4870-aebe-0f289ba7c82a",
            "id": "2020-06-03 19:27:16 +0000 UTC",
            "timeouts": null,
            "validation_record_fqdns": [
              "_d5adb3559f5e7bbc5822d9923c2530fe.chat-boost.hassyadai.com"
            ]
          },
          "depends_on": [
            "aws_acm_certificate.this",
            "aws_route53_record.this"
          ]
        }
      ]
    },
    {
      "mode": "managed",
      "type": "aws_route53_record",
      "name": "this",
      "provider": "provider.aws",
      "instances": [
        {
          "schema_version": 2,
          "attributes": {
            "alias": [],
            "allow_overwrite": null,
            "failover_routing_policy": [],
            "fqdn": "_d5adb3559f5e7bbc5822d9923c2530fe.chat-boost.hassyadai.com",
            "geolocation_routing_policy": [],
            "health_check_id": null,
            "id": "Z0063401O8BHHAJRQPPJ__d5adb3559f5e7bbc5822d9923c2530fe.chat-boost.hassyadai.com._CNAME",
            "latency_routing_policy": [],
            "multivalue_answer_routing_policy": null,
            "name": "_d5adb3559f5e7bbc5822d9923c2530fe.chat-boost.hassyadai.com",
            "records": [
              "_19ec024be77566e0e57e77e2de3e4efe.tfmgdnztqk.acm-validations.aws."
            ],
            "set_identifier": null,
            "ttl": 60,
            "type": "CNAME",
            "weighted_routing_policy": [],
            "zone_id": "Z0063401O8BHHAJRQPPJ"
          },
          "depends_on": [
            "aws_acm_certificate.this",
            "data.aws_route53_zone.this"
          ]
        }
      ]
    }
  ]
}
