{
  "version": 4,
  "terraform_version": "0.12.0",
  "serial": 1337,
  "lineage": "9ddcc120-1505-8480-22cf-ba13784c78db",
  "outputs": {},
  "resources": [
    {
      "module": "module.elb",
      "mode": "data",
      "type": "aws_route53_zone",
      "name": "this",
      "provider": "provider.aws",
      "instances": [
        {
          "schema_version": 0,
          "attributes": {
            "caller_reference": "79EFB7AE-8F8D-EA1C-969C-221EED0E3CF2",
            "comment": "",
            "id": "Z10455251XWKG6AWZ5P49",
            "linked_service_description": null,
            "linked_service_principal": null,
            "name": "test-ivy.hassyadai.com.",
            "name_servers": [
              "ns-538.awsdns-03.net",
              "ns-1785.awsdns-31.co.uk",
              "ns-200.awsdns-25.com",
              "ns-1094.awsdns-08.org"
            ],
            "private_zone": false,
            "resource_record_set_count": 4,
            "tags": {},
            "vpc_id": null,
            "zone_id": "Z10455251XWKG6AWZ5P49"
          }
        }
      ]
    },
    {
      "module": "module.acm",
      "mode": "data",
      "type": "aws_route53_zone",
      "name": "this",
      "provider": "provider.aws",
      "instances": [
        {
          "schema_version": 0,
          "attributes": {
            "caller_reference": "79EFB7AE-8F8D-EA1C-969C-221EED0E3CF2",
            "comment": "",
            "id": "Z10455251XWKG6AWZ5P49",
            "linked_service_description": null,
            "linked_service_principal": null,
            "name": "test-ivy.hassyadai.com.",
            "name_servers": [
              "ns-538.awsdns-03.net",
              "ns-1785.awsdns-31.co.uk",
              "ns-200.awsdns-25.com",
              "ns-1094.awsdns-08.org"
            ],
            "private_zone": false,
            "resource_record_set_count": 4,
            "tags": {},
            "vpc_id": null,
            "zone_id": "Z10455251XWKG6AWZ5P49"
          }
        }
      ]
    },
    {
      "mode": "data",
      "type": "aws_subnet",
      "name": "az1",
      "provider": "provider.aws",
      "instances": [
        {
          "schema_version": 0,
          "attributes": {
            "arn": "arn:aws:ec2:ap-northeast-1:198098511860:subnet/subnet-066a4e3eb5aad856c",
            "assign_ipv6_address_on_creation": false,
            "availability_zone": "ap-northeast-1a",
            "availability_zone_id": "apne1-az4",
            "cidr_block": "10.10.1.0/24",
            "default_for_az": false,
            "filter": [
              {
                "name": "tag:Name",
                "values": [
                  "test-ivy-1a"
                ]
              }
            ],
            "id": "subnet-066a4e3eb5aad856c",
            "ipv6_cidr_block": null,
            "ipv6_cidr_block_association_id": null,
            "map_public_ip_on_launch": true,
            "owner_id": "198098511860",
            "state": "available",
            "tags": {
              "Name": "test-ivy-1a"
            },
            "vpc_id": "vpc-0d376a59c9162e609"
          }
        }
      ]
    },
    {
      "mode": "data",
      "type": "aws_subnet",
      "name": "az2",
      "provider": "provider.aws",
      "instances": [
        {
          "schema_version": 0,
          "attributes": {
            "arn": "arn:aws:ec2:ap-northeast-1:198098511860:subnet/subnet-0942835bed403b57b",
            "assign_ipv6_address_on_creation": false,
            "availability_zone": "ap-northeast-1c",
            "availability_zone_id": "apne1-az1",
            "cidr_block": "10.10.2.0/24",
            "default_for_az": false,
            "filter": [
              {
                "name": "tag:Name",
                "values": [
                  "test-ivy-1c"
                ]
              }
            ],
            "id": "subnet-0942835bed403b57b",
            "ipv6_cidr_block": null,
            "ipv6_cidr_block_association_id": null,
            "map_public_ip_on_launch": true,
            "owner_id": "198098511860",
            "state": "available",
            "tags": {
              "Name": "test-ivy-1c"
            },
            "vpc_id": "vpc-0d376a59c9162e609"
          }
        }
      ]
    },
    {
      "mode": "data",
      "type": "aws_subnet",
      "name": "az3",
      "provider": "provider.aws",
      "instances": [
        {
          "schema_version": 0,
          "attributes": {
            "arn": "arn:aws:ec2:ap-northeast-1:198098511860:subnet/subnet-09e018656e945d6d0",
            "assign_ipv6_address_on_creation": false,
            "availability_zone": "ap-northeast-1d",
            "availability_zone_id": "apne1-az2",
            "cidr_block": "10.10.3.0/24",
            "default_for_az": false,
            "filter": [
              {
                "name": "tag:Name",
                "values": [
                  "test-ivy-1d"
                ]
              }
            ],
            "id": "subnet-09e018656e945d6d0",
            "ipv6_cidr_block": null,
            "ipv6_cidr_block_association_id": null,
            "map_public_ip_on_launch": true,
            "owner_id": "198098511860",
            "state": "available",
            "tags": {
              "Name": "test-ivy-1d"
            },
            "vpc_id": "vpc-0d376a59c9162e609"
          }
        }
      ]
    },
    {
      "mode": "data",
      "type": "aws_subnet",
      "name": "private_az1",
      "provider": "provider.aws",
      "instances": [
        {
          "schema_version": 0,
          "attributes": {
            "arn": "arn:aws:ec2:ap-northeast-1:198098511860:subnet/subnet-0c6f58b71e969f7a9",
            "assign_ipv6_address_on_creation": false,
            "availability_zone": "ap-northeast-1a",
            "availability_zone_id": "apne1-az4",
            "cidr_block": "10.10.64.0/24",
            "default_for_az": false,
            "filter": [
              {
                "name": "tag:Name",
                "values": [
                  "test-ivy-private_1a"
                ]
              }
            ],
            "id": "subnet-0c6f58b71e969f7a9",
            "ipv6_cidr_block": null,
            "ipv6_cidr_block_association_id": null,
            "map_public_ip_on_launch": false,
            "owner_id": "198098511860",
            "state": "available",
            "tags": {
              "Name": "test-ivy-private_1a"
            },
            "vpc_id": "vpc-0d376a59c9162e609"
          }
        }
      ]
    },
    {
      "mode": "data",
      "type": "aws_subnet",
      "name": "private_az2",
      "provider": "provider.aws",
      "instances": [
        {
          "schema_version": 0,
          "attributes": {
            "arn": "arn:aws:ec2:ap-northeast-1:198098511860:subnet/subnet-02d1e48d204a39599",
            "assign_ipv6_address_on_creation": false,
            "availability_zone": "ap-northeast-1c",
            "availability_zone_id": "apne1-az1",
            "cidr_block": "10.10.65.0/24",
            "default_for_az": false,
            "filter": [
              {
                "name": "tag:Name",
                "values": [
                  "test-ivy-private_1c"
                ]
              }
            ],
            "id": "subnet-02d1e48d204a39599",
            "ipv6_cidr_block": null,
            "ipv6_cidr_block_association_id": null,
            "map_public_ip_on_launch": false,
            "owner_id": "198098511860",
            "state": "available",
            "tags": {
              "Name": "test-ivy-private_1c"
            },
            "vpc_id": "vpc-0d376a59c9162e609"
          }
        }
      ]
    },
    {
      "mode": "data",
      "type": "aws_subnet",
      "name": "private_az3",
      "provider": "provider.aws",
      "instances": [
        {
          "schema_version": 0,
          "attributes": {
            "arn": "arn:aws:ec2:ap-northeast-1:198098511860:subnet/subnet-0119c523d705d31a7",
            "assign_ipv6_address_on_creation": false,
            "availability_zone": "ap-northeast-1d",
            "availability_zone_id": "apne1-az2",
            "cidr_block": "10.10.66.0/24",
            "default_for_az": false,
            "filter": [
              {
                "name": "tag:Name",
                "values": [
                  "test-ivy-private_1d"
                ]
              }
            ],
            "id": "subnet-0119c523d705d31a7",
            "ipv6_cidr_block": null,
            "ipv6_cidr_block_association_id": null,
            "map_public_ip_on_launch": false,
            "owner_id": "198098511860",
            "state": "available",
            "tags": {
              "Name": "test-ivy-private_1d"
            },
            "vpc_id": "vpc-0d376a59c9162e609"
          }
        }
      ]
    },
    {
      "mode": "data",
      "type": "aws_vpc",
      "name": "this",
      "provider": "provider.aws",
      "instances": [
        {
          "schema_version": 0,
          "attributes": {
            "arn": "arn:aws:ec2:ap-northeast-1:198098511860:vpc/vpc-0d376a59c9162e609",
            "cidr_block": "10.10.0.0/16",
            "cidr_block_associations": [
              {
                "association_id": "vpc-cidr-assoc-0771acb42f63d1574",
                "cidr_block": "10.10.0.0/16",
                "state": "associated"
              }
            ],
            "default": false,
            "dhcp_options_id": "dopt-3233cf55",
            "enable_dns_hostnames": true,
            "enable_dns_support": true,
            "filter": [
              {
                "name": "tag:Name",
                "values": [
                  "test-ivy"
                ]
              }
            ],
            "id": "vpc-0d376a59c9162e609",
            "instance_tenancy": "default",
            "ipv6_association_id": null,
            "ipv6_cidr_block": null,
            "main_route_table_id": "rtb-085bd78db1b7e4290",
            "owner_id": "198098511860",
            "state": "available",
            "tags": {
              "Name": "test-ivy"
            }
          }
        }
      ]
    },
    {
      "module": "module.acm",
      "mode": "managed",
      "type": "aws_acm_certificate",
      "name": "this",
      "provider": "provider.aws",
      "instances": [
        {
          "schema_version": 0,
          "attributes": {
            "arn": "arn:aws:acm:ap-northeast-1:198098511860:certificate/d0c81f77-9525-4486-acf0-6a95f4ef6f38",
            "certificate_authority_arn": "",
            "certificate_body": null,
            "certificate_chain": null,
            "domain_name": "test-ivy.hassyadai.com",
            "domain_validation_options": [
              {
                "domain_name": "test-ivy.hassyadai.com",
                "resource_record_name": "_eeb7faefeaed6c79a98b56891e851822.test-ivy.hassyadai.com.",
                "resource_record_type": "CNAME",
                "resource_record_value": "_e219562853e27cf9c71a56f8adb0b683.nhqijqilxf.acm-validations.aws."
              }
            ],
            "id": "arn:aws:acm:ap-northeast-1:198098511860:certificate/d0c81f77-9525-4486-acf0-6a95f4ef6f38",
            "options": [
              {
                "certificate_transparency_logging_preference": "ENABLED"
              }
            ],
            "private_key": null,
            "subject_alternative_names": [],
            "tags": {},
            "validation_emails": [],
            "validation_method": "DNS"
          }
        }
      ]
    },
    {
      "module": "module.acm",
      "mode": "managed",
      "type": "aws_acm_certificate_validation",
      "name": "this",
      "provider": "provider.aws",
      "instances": [
        {
          "schema_version": 0,
          "attributes": {
            "certificate_arn": "arn:aws:acm:ap-northeast-1:198098511860:certificate/d0c81f77-9525-4486-acf0-6a95f4ef6f38",
            "id": "2020-05-22 11:24:42 +0000 UTC",
            "timeouts": null,
            "validation_record_fqdns": [
              "_eeb7faefeaed6c79a98b56891e851822.test-ivy.hassyadai.com"
            ]
          },
          "depends_on": [
            "aws_acm_certificate.this",
            "aws_route53_record.this"
          ]
        }
      ]
    },
    {
      "module": "module.rds",
      "mode": "managed",
      "type": "aws_db_instance",
      "name": "this",
      "provider": "provider.aws",
      "instances": [
        {
          "schema_version": 1,
          "attributes": {
            "address": "test-ivy-id-1-mysql.coefp3r0ldvk.ap-northeast-1.rds.amazonaws.com",
            "allocated_storage": 20,
            "allow_major_version_upgrade": null,
            "apply_immediately": false,
            "arn": "arn:aws:rds:ap-northeast-1:198098511860:db:test-ivy-id-1-mysql",
            "auto_minor_version_upgrade": false,
            "availability_zone": "ap-northeast-1c",
            "backup_retention_period": 30,
            "backup_window": "09:10-09:40",
            "ca_cert_identifier": "rds-ca-2019",
            "character_set_name": null,
            "copy_tags_to_snapshot": false,
            "db_subnet_group_name": "test-ivy-id-1-mysql",
            "delete_automated_backups": true,
            "deletion_protection": false,
            "domain": "",
            "domain_iam_role_name": "",
            "enabled_cloudwatch_logs_exports": [],
            "endpoint": "test-ivy-id-1-mysql.coefp3r0ldvk.ap-northeast-1.rds.amazonaws.com:3306",
            "engine": "mysql",
            "engine_version": "5.7.23",
            "final_snapshot_identifier": null,
            "hosted_zone_id": "Z24O6O9L7SGTNB",
            "iam_database_authentication_enabled": false,
            "id": "test-ivy-id-1-mysql",
            "identifier": "test-ivy-id-1-mysql",
            "identifier_prefix": null,
            "instance_class": "db.t3.small",
            "iops": 0,
            "kms_key_id": "arn:aws:kms:ap-northeast-1:198098511860:key/51bd6d44-2013-4b30-9d1c-ce38adc098ca",
            "license_model": "general-public-license",
            "maintenance_window": "mon:10:10-mon:10:40",
            "max_allocated_storage": 0,
            "monitoring_interval": 0,
            "monitoring_role_arn": "",
            "multi_az": true,
            "name": "",
            "option_group_name": "test-ivy-id-1-mysql",
            "parameter_group_name": "test-ivy-id-1-mysql",
            "password": "secret12345",
            "performance_insights_enabled": false,
            "performance_insights_kms_key_id": "",
            "performance_insights_retention_period": 0,
            "port": 3306,
            "publicly_accessible": false,
            "replicas": [],
            "replicate_source_db": "",
            "resource_id": "db-I6JLO7OMOGF6TFXJOYDF2NMFNM",
            "s3_import": [],
            "security_group_names": [],
            "skip_final_snapshot": true,
            "snapshot_identifier": null,
            "status": "available",
            "storage_encrypted": true,
            "storage_type": "gp2",
            "tags": {},
            "timeouts": null,
            "timezone": "",
            "username": "root",
            "vpc_security_group_ids": [
              "sg-07adf8ff7dc6bf298"
            ]
          },
          "depends_on": [
            "aws_db_option_group.this",
            "aws_db_parameter_group.this",
            "aws_db_subnet_group.this",
            "aws_kms_key.db"
          ]
        }
      ]
    },
    {
      "module": "module.rds",
      "mode": "managed",
      "type": "aws_db_option_group",
      "name": "this",
      "provider": "provider.aws",
      "instances": [
        {
          "schema_version": 0,
          "attributes": {
            "arn": "arn:aws:rds:ap-northeast-1:198098511860:og:test-ivy-id-1-mysql",
            "engine_name": "mysql",
            "id": "test-ivy-id-1-mysql",
            "major_engine_version": "5.7",
            "name": "test-ivy-id-1-mysql",
            "name_prefix": null,
            "option": [
              {
                "db_security_group_memberships": [],
                "option_name": "MARIADB_AUDIT_PLUGIN",
                "option_settings": [],
                "port": 0,
                "version": "",
                "vpc_security_group_memberships": []
              }
            ],
            "option_group_description": "Managed by Terraform",
            "tags": {},
            "timeouts": null
          }
        }
      ]
    },
    {
      "module": "module.rds",
      "mode": "managed",
      "type": "aws_db_parameter_group",
      "name": "this",
      "provider": "provider.aws",
      "instances": [
        {
          "schema_version": 0,
          "attributes": {
            "arn": "arn:aws:rds:ap-northeast-1:198098511860:pg:test-ivy-id-1-mysql",
            "description": "Managed by Terraform",
            "family": "mysql5.7",
            "id": "test-ivy-id-1-mysql",
            "name": "test-ivy-id-1-mysql",
            "name_prefix": null,
            "parameter": [
              {
                "apply_method": "immediate",
                "name": "character_set_database",
                "value": "utf8mb4"
              },
              {
                "apply_method": "immediate",
                "name": "character_set_server",
                "value": "utf8mb4"
              }
            ],
            "tags": {}
          }
        }
      ]
    },
    {
      "module": "module.rds",
      "mode": "managed",
      "type": "aws_db_subnet_group",
      "name": "this",
      "provider": "provider.aws",
      "instances": [
        {
          "schema_version": 0,
          "attributes": {
            "arn": "arn:aws:rds:ap-northeast-1:198098511860:subgrp:test-ivy-id-1-mysql",
            "description": "test-ivy-id-1-mysql",
            "id": "test-ivy-id-1-mysql",
            "name": "test-ivy-id-1-mysql",
            "name_prefix": null,
            "subnet_ids": [
              "subnet-0119c523d705d31a7",
              "subnet-02d1e48d204a39599",
              "subnet-0c6f58b71e969f7a9"
            ],
            "tags": {}
          }
        }
      ]
    },
    {
      "module": "module.ecs_cluster",
      "mode": "managed",
      "type": "aws_ecs_cluster",
      "name": "this",
      "provider": "provider.aws",
      "instances": [
        {
          "schema_version": 0,
          "attributes": {
            "arn": "arn:aws:ecs:ap-northeast-1:198098511860:cluster/test-ivy",
            "capacity_providers": [],
            "default_capacity_provider_strategy": [],
            "id": "arn:aws:ecs:ap-northeast-1:198098511860:cluster/test-ivy",
            "name": "test-ivy",
            "setting": [
              {
                "name": "containerInsights",
                "value": "disabled"
              }
            ],
            "tags": {}
          }
        }
      ]
    },
    {
      "module": "module.rds",
      "mode": "managed",
      "type": "aws_elasticache_parameter_group",
      "name": "this",
      "provider": "provider.aws",
      "instances": [
        {
          "schema_version": 0,
          "attributes": {
            "description": "Managed by Terraform",
            "family": "redis5.0",
            "id": "test-ivy-id-1-redis",
            "name": "test-ivy-id-1-redis",
            "parameter": [
              {
                "name": "cluster-enabled",
                "value": "no"
              }
            ]
          }
        }
      ]
    },
    {
      "module": "module.rds",
      "mode": "managed",
      "type": "aws_elasticache_subnet_group",
      "name": "this",
      "provider": "provider.aws",
      "instances": [
        {
          "schema_version": 0,
          "attributes": {
            "description": "Managed by Terraform",
            "id": "test-ivy-id-1-redis",
            "name": "test-ivy-id-1-redis",
            "subnet_ids": [
              "subnet-0119c523d705d31a7",
              "subnet-02d1e48d204a39599",
              "subnet-0c6f58b71e969f7a9"
            ]
          }
        }
      ]
    },
    {
      "module": "module.rds",
      "mode": "managed",
      "type": "aws_kms_alias",
      "name": "db",
      "provider": "provider.aws",
      "instances": [
        {
          "schema_version": 0,
          "attributes": {
            "arn": "arn:aws:kms:ap-northeast-1:198098511860:alias/db-test-ivy-id-1-mysql",
            "id": "alias/db-test-ivy-id-1-mysql",
            "name": "alias/db-test-ivy-id-1-mysql",
            "name_prefix": null,
            "target_key_arn": "arn:aws:kms:ap-northeast-1:198098511860:key/51bd6d44-2013-4b30-9d1c-ce38adc098ca",
            "target_key_id": "51bd6d44-2013-4b30-9d1c-ce38adc098ca"
          },
          "depends_on": [
            "aws_kms_key.db"
          ]
        }
      ]
    },
    {
      "module": "module.rds",
      "mode": "managed",
      "type": "aws_kms_key",
      "name": "db",
      "provider": "provider.aws",
      "instances": [
        {
          "schema_version": 0,
          "attributes": {
            "arn": "arn:aws:kms:ap-northeast-1:198098511860:key/51bd6d44-2013-4b30-9d1c-ce38adc098ca",
            "customer_master_key_spec": "SYMMETRIC_DEFAULT",
            "deletion_window_in_days": 30,
            "description": "DB Master Key",
            "enable_key_rotation": false,
            "id": "51bd6d44-2013-4b30-9d1c-ce38adc098ca",
            "is_enabled": true,
            "key_id": "51bd6d44-2013-4b30-9d1c-ce38adc098ca",
            "key_usage": "ENCRYPT_DECRYPT",
            "policy": "{\"Id\":\"key-default-1\",\"Statement\":[{\"Action\":\"kms:*\",\"Effect\":\"Allow\",\"Principal\":{\"AWS\":\"arn:aws:iam::198098511860:root\"},\"Resource\":\"*\",\"Sid\":\"Enable IAM User Permissions\"}],\"Version\":\"2012-10-17\"}",
            "tags": {}
          }
        }
      ]
    },
    {
      "module": "module.elb",
      "mode": "managed",
      "type": "aws_lb",
      "name": "this",
      "provider": "provider.aws",
      "instances": [
        {
          "schema_version": 0,
          "attributes": {
            "access_logs": [
              {
                "bucket": "test-ivy-alb-log",
                "enabled": true,
                "prefix": ""
              }
            ],
            "arn": "arn:aws:elasticloadbalancing:ap-northeast-1:198098511860:loadbalancer/app/test-ivy/1022c07764f906df",
            "arn_suffix": "app/test-ivy/1022c07764f906df",
            "dns_name": "test-ivy-622356541.ap-northeast-1.elb.amazonaws.com",
            "drop_invalid_header_fields": false,
            "enable_cross_zone_load_balancing": null,
            "enable_deletion_protection": false,
            "enable_http2": true,
            "id": "arn:aws:elasticloadbalancing:ap-northeast-1:198098511860:loadbalancer/app/test-ivy/1022c07764f906df",
            "idle_timeout": 60,
            "internal": false,
            "ip_address_type": "ipv4",
            "load_balancer_type": "application",
            "name": "test-ivy",
            "name_prefix": null,
            "security_groups": [
              "sg-02bf35fc6bb1cb0ea",
              "sg-0f0735865c82c1ea5"
            ],
            "subnet_mapping": [
              {
                "allocation_id": "",
                "subnet_id": "subnet-066a4e3eb5aad856c"
              },
              {
                "allocation_id": "",
                "subnet_id": "subnet-0942835bed403b57b"
              },
              {
                "allocation_id": "",
                "subnet_id": "subnet-09e018656e945d6d0"
              }
            ],
            "subnets": [
              "subnet-066a4e3eb5aad856c",
              "subnet-0942835bed403b57b",
              "subnet-09e018656e945d6d0"
            ],
            "tags": {},
            "timeouts": null,
            "vpc_id": "vpc-0d376a59c9162e609",
            "zone_id": "Z14GRHDCWA56QT"
          }
        }
      ]
    },
    {
      "module": "module.elb",
      "mode": "managed",
      "type": "aws_lb_listener",
      "name": "http",
      "provider": "provider.aws",
      "instances": [
        {
          "schema_version": 0,
          "attributes": {
            "arn": "arn:aws:elasticloadbalancing:ap-northeast-1:198098511860:listener/app/test-ivy/1022c07764f906df/45dc3638ac68ed4e",
            "certificate_arn": null,
            "default_action": [
              {
                "authenticate_cognito": [],
                "authenticate_oidc": [],
                "fixed_response": [],
                "order": 1,
                "redirect": [
                  {
                    "host": "#{host}",
                    "path": "/#{path}",
                    "port": "443",
                    "protocol": "HTTPS",
                    "query": "#{query}",
                    "status_code": "HTTP_301"
                  }
                ],
                "target_group_arn": "",
                "type": "redirect"
              }
            ],
            "id": "arn:aws:elasticloadbalancing:ap-northeast-1:198098511860:listener/app/test-ivy/1022c07764f906df/45dc3638ac68ed4e",
            "load_balancer_arn": "arn:aws:elasticloadbalancing:ap-northeast-1:198098511860:loadbalancer/app/test-ivy/1022c07764f906df",
            "port": 80,
            "protocol": "HTTP",
            "ssl_policy": "",
            "timeouts": null
          },
          "depends_on": [
            "aws_lb.this"
          ]
        }
      ]
    },
    {
      "module": "module.elb",
      "mode": "managed",
      "type": "aws_lb_listener",
      "name": "https",
      "provider": "provider.aws",
      "instances": [
        {
          "schema_version": 0,
          "attributes": {
            "arn": "arn:aws:elasticloadbalancing:ap-northeast-1:198098511860:listener/app/test-ivy/1022c07764f906df/6f12504d4ec043c3",
            "certificate_arn": "arn:aws:acm:ap-northeast-1:198098511860:certificate/d0c81f77-9525-4486-acf0-6a95f4ef6f38",
            "default_action": [
              {
                "authenticate_cognito": [],
                "authenticate_oidc": [],
                "fixed_response": [
                  {
                    "content_type": "text/plain",
                    "message_body": "ok",
                    "status_code": "200"
                  }
                ],
                "order": 1,
                "redirect": [],
                "target_group_arn": "",
                "type": "fixed-response"
              }
            ],
            "id": "arn:aws:elasticloadbalancing:ap-northeast-1:198098511860:listener/app/test-ivy/1022c07764f906df/6f12504d4ec043c3",
            "load_balancer_arn": "arn:aws:elasticloadbalancing:ap-northeast-1:198098511860:loadbalancer/app/test-ivy/1022c07764f906df",
            "port": 443,
            "protocol": "HTTPS",
            "ssl_policy": "ELBSecurityPolicy-2016-08",
            "timeouts": null
          },
          "depends_on": [
            "aws_lb.this"
          ]
        }
      ]
    },
    {
      "module": "module.elb",
      "mode": "managed",
      "type": "aws_route53_record",
      "name": "this",
      "provider": "provider.aws",
      "instances": [
        {
          "schema_version": 2,
          "attributes": {
            "alias": [
              {
                "evaluate_target_health": true,
                "name": "test-ivy-622356541.ap-northeast-1.elb.amazonaws.com",
                "zone_id": "Z14GRHDCWA56QT"
              }
            ],
            "allow_overwrite": null,
            "failover_routing_policy": [],
            "fqdn": "test-ivy.hassyadai.com",
            "geolocation_routing_policy": [],
            "health_check_id": "",
            "id": "Z10455251XWKG6AWZ5P49_test-ivy.hassyadai.com._A",
            "latency_routing_policy": [],
            "multivalue_answer_routing_policy": null,
            "name": "test-ivy.hassyadai.com",
            "records": [],
            "set_identifier": "",
            "ttl": 0,
            "type": "A",
            "weighted_routing_policy": [],
            "zone_id": "Z10455251XWKG6AWZ5P49"
          },
          "depends_on": [
            "aws_lb.this",
            "data.aws_route53_zone.this"
          ]
        }
      ]
    },
    {
      "module": "module.acm",
      "mode": "managed",
      "type": "aws_route53_record",
      "name": "this",
      "provider": "provider.aws",
      "instances": [
        {
          "schema_version": 2,
          "attributes": {
            "alias": [],
            "allow_overwrite": null,
            "failover_routing_policy": [],
            "fqdn": "_eeb7faefeaed6c79a98b56891e851822.test-ivy.hassyadai.com",
            "geolocation_routing_policy": [],
            "health_check_id": "",
            "id": "Z10455251XWKG6AWZ5P49__eeb7faefeaed6c79a98b56891e851822.test-ivy.hassyadai.com._CNAME",
            "latency_routing_policy": [],
            "multivalue_answer_routing_policy": null,
            "name": "_eeb7faefeaed6c79a98b56891e851822.test-ivy.hassyadai.com",
            "records": [
              "_e219562853e27cf9c71a56f8adb0b683.nhqijqilxf.acm-validations.aws."
            ],
            "set_identifier": "",
            "ttl": 60,
            "type": "CNAME",
            "weighted_routing_policy": [],
            "zone_id": "Z10455251XWKG6AWZ5P49"
          },
          "depends_on": [
            "aws_acm_certificate.this",
            "data.aws_route53_zone.this"
          ]
        }
      ]
    },
    {
      "module": "module.nginx_sg",
      "mode": "managed",
      "type": "aws_security_group",
      "name": "test-ivy",
      "provider": "provider.aws",
      "instances": [
        {
          "schema_version": 1,
          "attributes": {
            "arn": "arn:aws:ec2:ap-northeast-1:198098511860:security-group/sg-098dbe72affed6107",
            "description": "Managed by Terraform",
            "egress": [
              {
                "cidr_blocks": [
                  "0.0.0.0/0"
                ],
                "description": "",
                "from_port": 0,
                "ipv6_cidr_blocks": [],
                "prefix_list_ids": [],
                "protocol": "-1",
                "security_groups": [],
                "self": false,
                "to_port": 0
              }
            ],
            "id": "sg-098dbe72affed6107",
            "ingress": [
              {
                "cidr_blocks": [
                  "10.10.0.0/16"
                ],
                "description": "",
                "from_port": 80,
                "ipv6_cidr_blocks": [],
                "prefix_list_ids": [],
                "protocol": "tcp",
                "security_groups": [],
                "self": false,
                "to_port": 80
              }
            ],
            "name": "nginx-sg",
            "name_prefix": null,
            "owner_id": "198098511860",
            "revoke_rules_on_delete": false,
            "tags": {},
            "timeouts": null,
            "vpc_id": "vpc-0d376a59c9162e609"
          }
        }
      ]
    },
    {
      "module": "module.https_sg",
      "mode": "managed",
      "type": "aws_security_group",
      "name": "test-ivy",
      "provider": "provider.aws",
      "instances": [
        {
          "schema_version": 1,
          "attributes": {
            "arn": "arn:aws:ec2:ap-northeast-1:198098511860:security-group/sg-02bf35fc6bb1cb0ea",
            "description": "Managed by Terraform",
            "egress": [
              {
                "cidr_blocks": [
                  "0.0.0.0/0"
                ],
                "description": "",
                "from_port": 0,
                "ipv6_cidr_blocks": [],
                "prefix_list_ids": [],
                "protocol": "-1",
                "security_groups": [],
                "self": false,
                "to_port": 0
              }
            ],
            "id": "sg-02bf35fc6bb1cb0ea",
            "ingress": [
              {
                "cidr_blocks": [
                  "0.0.0.0/0"
                ],
                "description": "",
                "from_port": 443,
                "ipv6_cidr_blocks": [],
                "prefix_list_ids": [],
                "protocol": "tcp",
                "security_groups": [],
                "self": false,
                "to_port": 443
              }
            ],
            "name": "https-sg",
            "name_prefix": null,
            "owner_id": "198098511860",
            "revoke_rules_on_delete": false,
            "tags": {},
            "timeouts": null,
            "vpc_id": "vpc-0d376a59c9162e609"
          }
        }
      ]
    },
    {
      "module": "module.redis_sg",
      "mode": "managed",
      "type": "aws_security_group",
      "name": "test-ivy",
      "provider": "provider.aws",
      "instances": [
        {
          "schema_version": 1,
          "attributes": {
            "arn": "arn:aws:ec2:ap-northeast-1:198098511860:security-group/sg-0f6746ffe3e5551d9",
            "description": "Managed by Terraform",
            "egress": [
              {
                "cidr_blocks": [
                  "0.0.0.0/0"
                ],
                "description": "",
                "from_port": 0,
                "ipv6_cidr_blocks": [],
                "prefix_list_ids": [],
                "protocol": "-1",
                "security_groups": [],
                "self": false,
                "to_port": 0
              }
            ],
            "id": "sg-0f6746ffe3e5551d9",
            "ingress": [
              {
                "cidr_blocks": [
                  "10.10.0.0/16"
                ],
                "description": "",
                "from_port": 6379,
                "ipv6_cidr_blocks": [],
                "prefix_list_ids": [],
                "protocol": "tcp",
                "security_groups": [],
                "self": false,
                "to_port": 6379
              }
            ],
            "name": "redis-sg",
            "name_prefix": null,
            "owner_id": "198098511860",
            "revoke_rules_on_delete": false,
            "tags": {},
            "timeouts": null,
            "vpc_id": "vpc-0d376a59c9162e609"
          }
        }
      ]
    },
    {
      "module": "module.http_sg",
      "mode": "managed",
      "type": "aws_security_group",
      "name": "test-ivy",
      "provider": "provider.aws",
      "instances": [
        {
          "schema_version": 1,
          "attributes": {
            "arn": "arn:aws:ec2:ap-northeast-1:198098511860:security-group/sg-0f0735865c82c1ea5",
            "description": "Managed by Terraform",
            "egress": [
              {
                "cidr_blocks": [
                  "0.0.0.0/0"
                ],
                "description": "",
                "from_port": 0,
                "ipv6_cidr_blocks": [],
                "prefix_list_ids": [],
                "protocol": "-1",
                "security_groups": [],
                "self": false,
                "to_port": 0
              }
            ],
            "id": "sg-0f0735865c82c1ea5",
            "ingress": [
              {
                "cidr_blocks": [
                  "0.0.0.0/0"
                ],
                "description": "",
                "from_port": 80,
                "ipv6_cidr_blocks": [],
                "prefix_list_ids": [],
                "protocol": "tcp",
                "security_groups": [],
                "self": false,
                "to_port": 80
              }
            ],
            "name": "http-sg",
            "name_prefix": null,
            "owner_id": "198098511860",
            "revoke_rules_on_delete": false,
            "tags": {},
            "timeouts": null,
            "vpc_id": "vpc-0d376a59c9162e609"
          }
        }
      ]
    },
    {
      "module": "module.mysql_sg",
      "mode": "managed",
      "type": "aws_security_group",
      "name": "test-ivy",
      "provider": "provider.aws",
      "instances": [
        {
          "schema_version": 1,
          "attributes": {
            "arn": "arn:aws:ec2:ap-northeast-1:198098511860:security-group/sg-07adf8ff7dc6bf298",
            "description": "Managed by Terraform",
            "egress": [
              {
                "cidr_blocks": [
                  "0.0.0.0/0"
                ],
                "description": "",
                "from_port": 0,
                "ipv6_cidr_blocks": [],
                "prefix_list_ids": [],
                "protocol": "-1",
                "security_groups": [],
                "self": false,
                "to_port": 0
              }
            ],
            "id": "sg-07adf8ff7dc6bf298",
            "ingress": [
              {
                "cidr_blocks": [
                  "10.10.0.0/16"
                ],
                "description": "",
                "from_port": 3306,
                "ipv6_cidr_blocks": [],
                "prefix_list_ids": [],
                "protocol": "tcp",
                "security_groups": [],
                "self": false,
                "to_port": 3306
              }
            ],
            "name": "mysql-sg",
            "name_prefix": null,
            "owner_id": "198098511860",
            "revoke_rules_on_delete": false,
            "tags": {},
            "timeouts": null,
            "vpc_id": "vpc-0d376a59c9162e609"
          }
        }
      ]
    },
    {
      "module": "module.nginx_sg",
      "mode": "managed",
      "type": "aws_security_group_rule",
      "name": "egress",
      "provider": "provider.aws",
      "instances": [
        {
          "schema_version": 2,
          "attributes": {
            "cidr_blocks": [
              "0.0.0.0/0"
            ],
            "description": "",
            "from_port": 0,
            "id": "sgrule-2807852200",
            "ipv6_cidr_blocks": [],
            "prefix_list_ids": [],
            "protocol": "-1",
            "security_group_id": "sg-098dbe72affed6107",
            "self": false,
            "source_security_group_id": null,
            "to_port": 0,
            "type": "egress"
          },
          "depends_on": [
            "aws_security_group.test-ivy"
          ]
        }
      ]
    },
    {
      "module": "module.https_sg",
      "mode": "managed",
      "type": "aws_security_group_rule",
      "name": "egress",
      "provider": "provider.aws",
      "instances": [
        {
          "schema_version": 2,
          "attributes": {
            "cidr_blocks": [
              "0.0.0.0/0"
            ],
            "description": "",
            "from_port": 0,
            "id": "sgrule-22027530",
            "ipv6_cidr_blocks": [],
            "prefix_list_ids": [],
            "protocol": "-1",
            "security_group_id": "sg-02bf35fc6bb1cb0ea",
            "self": false,
            "source_security_group_id": null,
            "to_port": 0,
            "type": "egress"
          },
          "depends_on": [
            "aws_security_group.test-ivy"
          ]
        }
      ]
    },
    {
      "module": "module.redis_sg",
      "mode": "managed",
      "type": "aws_security_group_rule",
      "name": "egress",
      "provider": "provider.aws",
      "instances": [
        {
          "schema_version": 2,
          "attributes": {
            "cidr_blocks": [
              "0.0.0.0/0"
            ],
            "description": "",
            "from_port": 0,
            "id": "sgrule-662677883",
            "ipv6_cidr_blocks": [],
            "prefix_list_ids": [],
            "protocol": "-1",
            "security_group_id": "sg-0f6746ffe3e5551d9",
            "self": false,
            "source_security_group_id": null,
            "to_port": 0,
            "type": "egress"
          },
          "depends_on": [
            "aws_security_group.test-ivy"
          ]
        }
      ]
    },
    {
      "module": "module.http_sg",
      "mode": "managed",
      "type": "aws_security_group_rule",
      "name": "egress",
      "provider": "provider.aws",
      "instances": [
        {
          "schema_version": 2,
          "attributes": {
            "cidr_blocks": [
              "0.0.0.0/0"
            ],
            "description": "",
            "from_port": 0,
            "id": "sgrule-3151830379",
            "ipv6_cidr_blocks": [],
            "prefix_list_ids": [],
            "protocol": "-1",
            "security_group_id": "sg-0f0735865c82c1ea5",
            "self": false,
            "source_security_group_id": null,
            "to_port": 0,
            "type": "egress"
          },
          "depends_on": [
            "aws_security_group.test-ivy"
          ]
        }
      ]
    },
    {
      "module": "module.mysql_sg",
      "mode": "managed",
      "type": "aws_security_group_rule",
      "name": "egress",
      "provider": "provider.aws",
      "instances": [
        {
          "schema_version": 2,
          "attributes": {
            "cidr_blocks": [
              "0.0.0.0/0"
            ],
            "description": "",
            "from_port": 0,
            "id": "sgrule-208372689",
            "ipv6_cidr_blocks": [],
            "prefix_list_ids": [],
            "protocol": "-1",
            "security_group_id": "sg-07adf8ff7dc6bf298",
            "self": false,
            "source_security_group_id": null,
            "to_port": 0,
            "type": "egress"
          },
          "depends_on": [
            "aws_security_group.test-ivy"
          ]
        }
      ]
    },
    {
      "module": "module.nginx_sg",
      "mode": "managed",
      "type": "aws_security_group_rule",
      "name": "ingress",
      "provider": "provider.aws",
      "instances": [
        {
          "schema_version": 2,
          "attributes": {
            "cidr_blocks": [
              "10.10.0.0/16"
            ],
            "description": "",
            "from_port": 80,
            "id": "sgrule-1864999633",
            "ipv6_cidr_blocks": [],
            "prefix_list_ids": [],
            "protocol": "tcp",
            "security_group_id": "sg-098dbe72affed6107",
            "self": false,
            "source_security_group_id": null,
            "to_port": 80,
            "type": "ingress"
          },
          "depends_on": [
            "aws_security_group.test-ivy"
          ]
        }
      ]
    },
    {
      "module": "module.https_sg",
      "mode": "managed",
      "type": "aws_security_group_rule",
      "name": "ingress",
      "provider": "provider.aws",
      "instances": [
        {
          "schema_version": 2,
          "attributes": {
            "cidr_blocks": [
              "0.0.0.0/0"
            ],
            "description": "",
            "from_port": 443,
            "id": "sgrule-1390165533",
            "ipv6_cidr_blocks": [],
            "prefix_list_ids": [],
            "protocol": "tcp",
            "security_group_id": "sg-02bf35fc6bb1cb0ea",
            "self": false,
            "source_security_group_id": null,
            "to_port": 443,
            "type": "ingress"
          },
          "depends_on": [
            "aws_security_group.test-ivy"
          ]
        }
      ]
    },
    {
      "module": "module.redis_sg",
      "mode": "managed",
      "type": "aws_security_group_rule",
      "name": "ingress",
      "provider": "provider.aws",
      "instances": [
        {
          "schema_version": 2,
          "attributes": {
            "cidr_blocks": [
              "10.10.0.0/16"
            ],
            "description": "",
            "from_port": 6379,
            "id": "sgrule-571710585",
            "ipv6_cidr_blocks": [],
            "prefix_list_ids": [],
            "protocol": "tcp",
            "security_group_id": "sg-0f6746ffe3e5551d9",
            "self": false,
            "source_security_group_id": null,
            "to_port": 6379,
            "type": "ingress"
          },
          "depends_on": [
            "aws_security_group.test-ivy"
          ]
        }
      ]
    },
    {
      "module": "module.http_sg",
      "mode": "managed",
      "type": "aws_security_group_rule",
      "name": "ingress",
      "provider": "provider.aws",
      "instances": [
        {
          "schema_version": 2,
          "attributes": {
            "cidr_blocks": [
              "0.0.0.0/0"
            ],
            "description": "",
            "from_port": 80,
            "id": "sgrule-3120313132",
            "ipv6_cidr_blocks": [],
            "prefix_list_ids": [],
            "protocol": "tcp",
            "security_group_id": "sg-0f0735865c82c1ea5",
            "self": false,
            "source_security_group_id": null,
            "to_port": 80,
            "type": "ingress"
          },
          "depends_on": [
            "aws_security_group.test-ivy"
          ]
        }
      ]
    },
    {
      "module": "module.mysql_sg",
      "mode": "managed",
      "type": "aws_security_group_rule",
      "name": "ingress",
      "provider": "provider.aws",
      "instances": [
        {
          "schema_version": 2,
          "attributes": {
            "cidr_blocks": [
              "10.10.0.0/16"
            ],
            "description": "",
            "from_port": 3306,
            "id": "sgrule-3304432310",
            "ipv6_cidr_blocks": [],
            "prefix_list_ids": [],
            "protocol": "tcp",
            "security_group_id": "sg-07adf8ff7dc6bf298",
            "self": false,
            "source_security_group_id": null,
            "to_port": 3306,
            "type": "ingress"
          },
          "depends_on": [
            "aws_security_group.test-ivy"
          ]
        }
      ]
    }
  ]
}
