{
  "version": 4,
  "terraform_version": "0.12.0",
  "serial": 391,
  "lineage": "aa77bfde-49f0-e3ca-34d9-0d180e645f1e",
  "outputs": {},
  "resources": [
    {
      "mode": "data",
      "type": "aws_availability_zones",
      "name": "all",
      "provider": "provider.aws",
      "instances": [
        {
          "schema_version": 0,
          "attributes": {
            "all_availability_zones": null,
            "blacklisted_names": null,
            "blacklisted_zone_ids": null,
            "filter": null,
            "group_names": [
              "ap-northeast-1"
            ],
            "id": "2020-06-09 08:07:21.299714 +0000 UTC",
            "names": [
              "ap-northeast-1a",
              "ap-northeast-1c",
              "ap-northeast-1d"
            ],
            "state": null,
            "zone_ids": [
              "apne1-az4",
              "apne1-az1",
              "apne1-az2"
            ]
          }
        }
      ]
    },
    {
      "mode": "data",
      "type": "aws_launch_configuration",
      "name": "this",
      "provider": "provider.aws",
      "instances": [
        {
          "schema_version": 0,
          "attributes": {
            "arn": "arn:aws:autoscaling:ap-northeast-1:198098511860:launchConfiguration:c4de1e77-522c-4ae1-921b-225d115e6906:launchConfigurationName/prod-ivy-amzn2-t2small-20200609080419537100000001",
            "associate_public_ip_address": true,
            "ebs_block_device": [],
            "ebs_optimized": false,
            "enable_monitoring": true,
            "ephemeral_block_device": [],
            "iam_instance_profile": "",
            "id": "prod-ivy-amzn2-t2small-20200609080419537100000001",
            "image_id": "ami-0a1c2ec61571737db",
            "instance_type": "t2.small",
            "key_name": "hassyadai",
            "name": "prod-ivy-amzn2-t2small-20200609080419537100000001",
            "placement_tenancy": null,
            "root_block_device": [],
            "security_groups": [
              "sg-03a466018db8b4f0b",
              "sg-067cd4b74209ab576",
              "sg-06a03322ef46c5cff"
            ],
            "spot_price": "",
            "user_data": "IyEgL2Jpbi9iYXNoCnN1ZG8geXVtIC15IHVwZGF0ZQoKIyBPUyB0aW1lem9uZQpzdWRvIHRpbWVkYXRlY3RsIHNldC10aW1lem9uZSBBc2lhL1Rva3lvCgojIGxvY2F0aW9uCnN1ZG8gbG9jYWxlY3RsIHNldC1sb2NhbGUgTEFORz1qYV9KUC5VVEYtOApzdWRvIGxvY2FsZWN0bCBzZXQta2V5bWFwIGpwMTA2CgojIG5naW54IGluc3RhbGwKc3VkbyBhbWF6b24tbGludXgtZXh0cmFzIGluc3RhbGwgLXkgbmdpbngxLjEyCgojIHBocCAvIHBocC1mcG0Kc3VkbyBhbWF6b24tbGludXgtZXh0cmFzIGluc3RhbGwgLXkgcGhwNy4yCiMgcGhwIGxpYnJhcnkgaW5zdGFsbApzdWRvIHl1bSBpbnN0YWxsIC15IHBocC1tYnN0cmluZyBwaHAtb3BjYWNoZSBwaHAtZG9tCgojIHBocC1mcG0gYWRqdXN0bWVudApzdWRvIGNwIC9ldGMvcGhwLWZwbS5kL3d3dy5jb25mIC9ldGMvcGhwLWZwbS5kL3d3dy5jb25mX2JrdXAKc3VkbyBzZWQgLWkgLWUgJ3MvdXNlciA9IGFwYWNoZS91c2VyID0gbmdpbngvZycgL2V0Yy9waHAtZnBtLmQvd3d3LmNvbmYKc3VkbyBzZWQgLWkgLWUgJ3MvZ3JvdXAgPSBhcGFjaGUvZ3JvdXAgPSBuZ2lueC9nJyAvZXRjL3BocC1mcG0uZC93d3cuY29uZgpzdWRvIHNlZCAtaSAtZSAncy87bGlzdGVuLm93bmVyID0gbm9ib2R5L2xpc3Rlbi5vd25lciA9IG5naW54L2cnIC9ldGMvcGhwLWZwbS5kL3d3dy5jb25mCnN1ZG8gc2VkIC1pIC1lICdzLztsaXN0ZW4uZ3JvdXAgPSBub2JvZHkvbGlzdGVuLmdyb3VwID0gbmdpbngvZycgL2V0Yy9waHAtZnBtLmQvd3d3LmNvbmYKCiMgcGhwIGFkanVzdG1lbnQKc3VkbyBjcCAvZXRjL3BocC5pbmkgL2V0Yy9waHAuaW5pX2JrdXAKc3VkbyBzZWQgLWkgLWUgJ3MvZXhwb3NlX3BocCA9IE9uL2V4cG9zZV9waHAgPSBPZmYvZycgL2V0Yy9waHAuaW5pCnN1ZG8gc2VkIC1pIC1lICdzLztkYXRlLnRpbWV6b25lID0vZGF0ZS50aW1lem9uZSA9IEFzaWFcL1Rva3lvL2cnIC9ldGMvcGhwLmluaQpzdWRvIHNlZCAtaSAtZSAncy87bWJzdHJpbmcubGFuZ3VhZ2UgPSBKYXBhbmVzZS9tYnN0cmluZy5sYW5ndWFnZSA9IEphcGFuZXNlL2cnIC9ldGMvcGhwLmluaQpzdWRvIHNlZCAtaSAtZSAncy87bWJzdHJpbmcuZW5jb2RpbmdfdHJhbnNsYXRpb24gPSBPZmYvbWJzdHJpbmcuZW5jb2RpbmdfdHJhbnNsYXRpb24gPSBPZmYvZycgL2V0Yy9waHAuaW5pCnN1ZG8gc2VkIC1pIC1lICdzLzttYnN0cmluZy5kZXRlY3Rfb3JkZXIgPSBhdXRvL21ic3RyaW5nLmRldGVjdF9vcmRlciA9IFVURi04LFNKSVMsRVVDLUpQLEpJUyxBU0NJSS9nJyAvZXRjL3BocC5pbmkKCiMgc3lzdGVtY3RsIHN0YXJ0IC8gZW5hYmxlCnN1ZG8gc3lzdGVtY3RsIHN0YXJ0IHBocC1mcG0Kc3VkbyBzeXN0ZW1jdGwgc3RhcnQgbmdpbngKc3VkbyBzeXN0ZW1jdGwgZW5hYmxlIHBocC1mcG0Kc3VkbyBzeXN0ZW1jdGwgZW5hYmxlIG5naW54CgojIGdpdCBpbnN0YWxsCnN1ZG8geXVtIGluc3RhbGwgLXkgZ2l0CmVjaG8gIkhvc3QgZ2l0aHViLmNvbQpTdHJpY3RIb3N0S2V5Q2hlY2tpbmcgbm8iIHwgc3VkbyB0ZWUgL3Jvb3QvLnNzaC9jb25maWcKCiMgZ2l0aHViIGNvbm5lY3QKZWNobyAiLS0tLS1CRUdJTiBSU0EgUFJJVkFURSBLRVktLS0tLQpNSUlFcEFJQkFBS0NBUUVBMmFvNW8ydDg3WlhhVXg1ZTRLdkE4V1dwYXpKY0pDNGpPNFFiTEs5U25kSklPN0NlCjBCcmtBd0dkQjBybm5XV1pWYWVpRDFDVHZUSUgxSWw4ZkVDUGcyZk9rRFI0Y1UzYXhOeFdOa0Rpc1pwaXg4NnUKU1N0MnJHL2Zmdk1jQjZPbmk5TjUxU1JGSFlCWFZ2WVRHdXlFY2t3MGFpdDlsZndPQjdLSmxkMFRrbS9Xb3hzRgoyK1VBbXpFK1pLZHVSUkRmMUsrVEtXWE1VbHpRMngrYWh4dWp4SXMrQ3l5MVNPZmxJR2VGbHAxaWZnU3Y5Ynp1CmtmeEJiUU5UUVN0c1B0UFljSSswZzdRTlNiZm5XckMyWElnWmhRbHJtNVFuMHl5eUxwZ0lYb1d5c1FoMTd0S2wKVEx3RmpvTjM4Mkp6Wk1RTFREV1hkTGp1dlZYWTdhUWJySnNBaXdJREFRQUJBb0lCQVFEUFd4UDNzN0Zhb0xSUgpGSkNzRmRNRDVLWkdBYjYzbE9CcGxVdFNBVitDQzg1V1ZzYWtWOG01ZDNNQmZJRXpkNU5nZndhcThrY2NLS28rCjlnOEtTM0tzYTFya0U2aGR3QjVXQmRWM2I4N0dCTjV2bkZ4NlJoYVM1U3lUd3NPRUg0ckFjT0VTaEsvM0Q4bWsKaFYzaiswZWRueTBicTN6RFFsQ1hVcVV4aUY5WjBzRHN3MmhvaThFelZoMXdyWDZtYnppNFNRU0NFVTdIc1lmOApaQ3FrR295N0tpOWlMaDBaRW1iZ0ZKQWF6bWpmTFBIcjNrQS9oQTJIampraU1nVXgwcXJ5K2FFM1l3STh2UEhpCitYcHRSMVlhVmxqbEc0TWM3aWt0SHMydWR6OWJqMi8wSHVScTBSNFNGdENidjJEUDNzdHZtOW9PWVVWbmh6VVQKdEhjL0MvSVJBb0dCQVBmRWFMckVXT09TdHVTZEliNkcwdEFnTW9LNzBmejAzbitYVE55YW9xcGwyVVFRTm9NMQpWNm9jRDlQY3duNDNadlIzWEFEczdqZHFTZkQ5Rms0ZzdjUVVOaDM5czNKYUFWMlRwZFRpRHovU3I0c2Fjb29ICnU3R0x4c2RDNFMyY0UxWGp3MlcvU1NGQjdMWnpIeGVQaHJQOG1FcjdHc0VocmFHY3ZKTjlMWGRKQW9HQkFPRGwKd1llYUNhTEJQWThraldDamVzdTM2TXBsbzhnY2toSURObkJUcEU3SlVuOGNSNHZib0xzU0FlTjdsN0FDZ21MdgpJR0lzd3FNQmx1Qk9hU2RWeXJPK25SSk9YZ1dnS0FyejNkVUo3djlqakQ3S2lQRDhYY0F0TjlmSzFSVGhJaXA0CjZmVUJJcG8zYTBTdjBNSXh1TGR6aVczNWJ4OTJaZnowbVNML2FWVXpBb0dCQUl2VUFxNzB4SjJhWFRGa0pIa2MKS2JsZmttSUprWmJLc3c4YTJqdmQ0Vk45SzBLb1M3dDh6VDZwbTUwYmg0QW4wQ2pEZTk3aDJBYmFLMlNmMElqRApPS3hpSTdDRlQxS0h6U0Y4aENoQ2RBeTI0RzhHdkFGK0g4VXhkenRaV1MrZVY2TXZhVVR3MFZxOWs5UGI0SDR4CmQvbjM0aExlNTloN0l6eUQ4a0RpY2xoUkFvR0FDK1RheVZzaUsxTmcrQk1NenhHV1N2UGRBZWRDTkRFZW9JaysKOWMzV29Md1ErdHY2QkxHRzNKM2xMNnkzcHYxYSsvUjlsL09hRDVqajY5VDV4clRJMVp5OUhkeTdLRDBDSVNJbwpsejNCUUF4NXZGQmwwYWpuSkdTLzBVL08yUjNXK3J3T1U0RE4zYTRVcER0UUpSVVFHZE9vYndLRUYvdmhCUEhDCnI1RW1kdlVDZ1lBMm5SOGdEY2d0Rm4wN0xLQWFHYnkxd3RwV2lvRjR2Q0thYTArYjB1U1hMV05VWndiU3ljTGMKamh3bHlETGRRd2tVYzZkcVZTSmt0eExnTDRHK0pVV1htMlowSnRIWUtkNEl5ejhmUDFPT0lPZmpjYkcyRDNONwpUeTlpSGE0K3dkN1VCdG5BbHcxSHYwNFhqejNjKzJlanp5Wmk4Y1R2VXYrelJJM1YraWc5K2c9PQotLS0tLUVORCBSU0EgUFJJVkFURSBLRVktLS0tLSIgXAp8IHN1ZG8gdGVlIC9yb290Ly5zc2gvaWRfcnNhIApzdWRvIGNobW9kIDYwMCAvcm9vdC8uc3NoL2lkX3JzYQoKZWNobyAic3NoLXJzYSBBQUFBQjNOemFDMXljMkVBQUFBREFRQUJBQUFCQVFEWnFqbWphM3p0bGRwVEhsN2dxOER4WmFsck1sd2tMaU03aEJzc3IxS2Qwa2c3c0o3UUd1UURBWjBIU3VlZFpabFZwNklQVUpPOU1nZlVpWHg4UUkrRFo4NlFOSGh4VGRyRTNGWTJRT0t4bW1MSHpxNUpLM2FzYjk5Kzh4d0hvNmVMMDNuVkpFVWRnRmRXOWhNYTdJUnlURFJxSzMyVi9BNEhzb21WM1JPU2I5YWpHd1hiNVFDYk1UNWtwMjVGRU4vVXI1TXBaY3hTWE5EYkg1cUhHNlBFaXo0TExMVkk1K1VnWjRXV25XSitCSy8xdk82Ui9FRnRBMU5CSzJ3KzA5aHdqN1NEdEExSnQrZGFzTFpjaUJtRkNXdWJsQ2ZUTExJdW1BaGVoYkt4Q0hYdTBxVk12QVdPZzNmelluTmt4QXRNTlpkMHVPNjlWZGp0cEJ1c213Q0wgcm9vdEBpcC0yMC0xMC0zLTE2Ni5hcC1ub3J0aGVhc3QtMS5jb21wdXRlLmludGVybmFsIiBcCnwgc3VkbyB0ZWUgL3Jvb3QvLnNzaC9pZF9yc2EucHViCnN1ZG8gY2htb2QgNjAwIC9yb290Ly5zc2gvaWRfcnNhLnB1YgoKIyBjb21wb3NlcgpjZCAvdXNyL3NoYXJlL25naW54L2h0bWwvCnN1ZG8gZ2l0IGNsb25lIGdpdEBnaXRodWIuY29tOmhhc3N5YWRhaS9JdnkuZ2l0CmNkIEl2eQpzdWRvIHBocCAtciAiY29weSgnaHR0cHM6Ly9nZXRjb21wb3Nlci5vcmcvaW5zdGFsbGVyJywgJ2NvbXBvc2VyLXNldHVwLnBocCcpOyIKc3VkbyBwaHAgY29tcG9zZXItc2V0dXAucGhwCnN1ZG8gcGhwIC1yICJ1bmxpbmsoJ2NvbXBvc2VyLXNldHVwLnBocCcpOyIKc3VkbyBtdiBjb21wb3Nlci5waGFyIC9zYmluL2NvbXBvc2VyCgpzdWRvIGNvbXBvc2VyIGdsb2JhbCByZXF1aXJlICJsYXJhdmVsL2luc3RhbGxlciIKc3VkbyBjb21wb3NlciBpbnN0YWxsCnN1ZG8gY2htb2QgLVIgNzc3IHN0b3JhZ2UvCnN1ZG8gY2htb2QgLVIgNzc3IGJvb3RzdHJhcC9jYWNoZS8KCiMgbmdpbnggY2hhbmdlIHJvb3QKc3VkbyBjcCAvZXRjL25naW54L25naW54LmNvbmYgL2V0Yy9uZ2lueC9uZ2lueC5jb25mX2JrdXAKc3VkbyBzZWQgLWkgLWUgJ3MvXC91c3JcL3NoYXJlXC9uZ2lueFwvaHRtbC9cL3Vzclwvc2hhcmVcL25naW54XC9odG1sXC9JdnlcL3B1YmxpYy8nIC9ldGMvbmdpbngvbmdpbnguY29uZgpzdWRvIHN5c3RlbWN0bCByZWxvYWQgbmdpbngKCiMgZW52IGNvcHkKIyBzdWRvIHBocCBhcnRpc2FuIGtleTpnZW5lcmF0ZQ==",
            "vpc_classic_link_id": "",
            "vpc_classic_link_security_groups": []
          }
        }
      ]
    },
    {
      "mode": "data",
      "type": "aws_lb",
      "name": "this",
      "provider": "provider.aws",
      "instances": [
        {
          "schema_version": 0,
          "attributes": {
            "access_logs": [
              {
                "bucket": "prod-ivy-alb-log",
                "enabled": true,
                "prefix": ""
              }
            ],
            "arn": "arn:aws:elasticloadbalancing:ap-northeast-1:198098511860:loadbalancer/app/prod-ivy/d53b924ef48ef5dd",
            "arn_suffix": "app/prod-ivy/d53b924ef48ef5dd",
            "dns_name": "prod-ivy-1042874948.ap-northeast-1.elb.amazonaws.com",
            "drop_invalid_header_fields": false,
            "enable_deletion_protection": false,
            "id": "arn:aws:elasticloadbalancing:ap-northeast-1:198098511860:loadbalancer/app/prod-ivy/d53b924ef48ef5dd",
            "idle_timeout": 60,
            "internal": false,
            "ip_address_type": "ipv4",
            "load_balancer_type": "application",
            "name": "prod-ivy",
            "security_groups": [
              "sg-03a466018db8b4f0b",
              "sg-06a03322ef46c5cff"
            ],
            "subnet_mapping": [
              {
                "allocation_id": "",
                "subnet_id": "subnet-09815e7706a7d215a"
              },
              {
                "allocation_id": "",
                "subnet_id": "subnet-09d426d226d63de9e"
              },
              {
                "allocation_id": "",
                "subnet_id": "subnet-0e898dbbb445b3f89"
              }
            ],
            "subnets": [
              "subnet-09815e7706a7d215a",
              "subnet-09d426d226d63de9e",
              "subnet-0e898dbbb445b3f89"
            ],
            "tags": {},
            "vpc_id": "vpc-0c375c2ac738dcd6d",
            "zone_id": "Z14GRHDCWA56QT"
          }
        }
      ]
    },
    {
      "mode": "data",
      "type": "aws_lb_listener",
      "name": "this",
      "provider": "provider.aws",
      "instances": [
        {
          "schema_version": 0,
          "attributes": {
            "arn": "arn:aws:elasticloadbalancing:ap-northeast-1:198098511860:listener/app/prod-ivy/d53b924ef48ef5dd/7e8982a733bc1f73",
            "certificate_arn": "arn:aws:acm:ap-northeast-1:198098511860:certificate/13e83070-3aea-4870-aebe-0f289ba7c82a",
            "default_action": [
              {
                "authenticate_cognito": [],
                "authenticate_oidc": [],
                "fixed_response": [
                  {
                    "content_type": "text/plain",
                    "message_body": "ok",
                    "status_code": "200"
                  }
                ],
                "order": 1,
                "redirect": [],
                "target_group_arn": "",
                "type": "fixed-response"
              }
            ],
            "id": "arn:aws:elasticloadbalancing:ap-northeast-1:198098511860:listener/app/prod-ivy/d53b924ef48ef5dd/7e8982a733bc1f73",
            "load_balancer_arn": "arn:aws:elasticloadbalancing:ap-northeast-1:198098511860:loadbalancer/app/prod-ivy/d53b924ef48ef5dd",
            "port": 443,
            "protocol": "HTTPS",
            "ssl_policy": "ELBSecurityPolicy-2016-08"
          },
          "depends_on": [
            "data.aws_lb.this"
          ]
        }
      ]
    },
    {
      "mode": "data",
      "type": "aws_security_group",
      "name": "mysql",
      "provider": "provider.aws",
      "instances": [
        {
          "schema_version": 0,
          "attributes": {
            "arn": "arn:aws:ec2:ap-northeast-1:198098511860:security-group/sg-06a03322ef46c5cff",
            "description": "Managed by Terraform",
            "filter": [
              {
                "name": "tag:Name",
                "values": [
                  "prod-ivy-http-sg"
                ]
              }
            ],
            "id": "sg-06a03322ef46c5cff",
            "name": "prod-ivy-http-sg",
            "tags": {
              "Name": "prod-ivy-http-sg"
            },
            "vpc_id": "vpc-0c375c2ac738dcd6d"
          }
        }
      ]
    },
    {
      "mode": "data",
      "type": "aws_security_group",
      "name": "redis",
      "provider": "provider.aws",
      "instances": [
        {
          "schema_version": 0,
          "attributes": {
            "arn": "arn:aws:ec2:ap-northeast-1:198098511860:security-group/sg-03a466018db8b4f0b",
            "description": "Managed by Terraform",
            "filter": [
              {
                "name": "tag:Name",
                "values": [
                  "prod-ivy-https-sg"
                ]
              }
            ],
            "id": "sg-03a466018db8b4f0b",
            "name": "prod-ivy-https-sg",
            "tags": {
              "Name": "prod-ivy-https-sg"
            },
            "vpc_id": "vpc-0c375c2ac738dcd6d"
          }
        }
      ]
    },
    {
      "mode": "data",
      "type": "aws_subnet",
      "name": "private_az1",
      "provider": "provider.aws",
      "instances": [
        {
          "schema_version": 0,
          "attributes": {
            "arn": "arn:aws:ec2:ap-northeast-1:198098511860:subnet/subnet-0a24e29ef37ed1824",
            "assign_ipv6_address_on_creation": false,
            "availability_zone": "ap-northeast-1a",
            "availability_zone_id": "apne1-az4",
            "cidr_block": "20.10.64.0/24",
            "default_for_az": false,
            "filter": [
              {
                "name": "tag:Name",
                "values": [
                  "prod-ivy-private_1a"
                ]
              }
            ],
            "id": "subnet-0a24e29ef37ed1824",
            "ipv6_cidr_block": null,
            "ipv6_cidr_block_association_id": null,
            "map_public_ip_on_launch": false,
            "outpost_arn": "",
            "owner_id": "198098511860",
            "state": "available",
            "tags": {
              "Name": "prod-ivy-private_1a"
            },
            "vpc_id": "vpc-0c375c2ac738dcd6d"
          }
        }
      ]
    },
    {
      "mode": "data",
      "type": "aws_subnet",
      "name": "private_az2",
      "provider": "provider.aws",
      "instances": [
        {
          "schema_version": 0,
          "attributes": {
            "arn": "arn:aws:ec2:ap-northeast-1:198098511860:subnet/subnet-0d74c6d46651fb840",
            "assign_ipv6_address_on_creation": false,
            "availability_zone": "ap-northeast-1c",
            "availability_zone_id": "apne1-az1",
            "cidr_block": "20.10.65.0/24",
            "default_for_az": false,
            "filter": [
              {
                "name": "tag:Name",
                "values": [
                  "prod-ivy-private_1c"
                ]
              }
            ],
            "id": "subnet-0d74c6d46651fb840",
            "ipv6_cidr_block": null,
            "ipv6_cidr_block_association_id": null,
            "map_public_ip_on_launch": false,
            "outpost_arn": "",
            "owner_id": "198098511860",
            "state": "available",
            "tags": {
              "Name": "prod-ivy-private_1c"
            },
            "vpc_id": "vpc-0c375c2ac738dcd6d"
          }
        }
      ]
    },
    {
      "mode": "data",
      "type": "aws_subnet",
      "name": "private_az3",
      "provider": "provider.aws",
      "instances": [
        {
          "schema_version": 0,
          "attributes": {
            "arn": "arn:aws:ec2:ap-northeast-1:198098511860:subnet/subnet-09ae694b08d65d4dc",
            "assign_ipv6_address_on_creation": false,
            "availability_zone": "ap-northeast-1d",
            "availability_zone_id": "apne1-az2",
            "cidr_block": "20.10.66.0/24",
            "default_for_az": false,
            "filter": [
              {
                "name": "tag:Name",
                "values": [
                  "prod-ivy-private_1d"
                ]
              }
            ],
            "id": "subnet-09ae694b08d65d4dc",
            "ipv6_cidr_block": null,
            "ipv6_cidr_block_association_id": null,
            "map_public_ip_on_launch": false,
            "outpost_arn": "",
            "owner_id": "198098511860",
            "state": "available",
            "tags": {
              "Name": "prod-ivy-private_1d"
            },
            "vpc_id": "vpc-0c375c2ac738dcd6d"
          }
        }
      ]
    },
    {
      "mode": "data",
      "type": "aws_subnet",
      "name": "public_az1",
      "provider": "provider.aws",
      "instances": [
        {
          "schema_version": 0,
          "attributes": {
            "arn": "arn:aws:ec2:ap-northeast-1:198098511860:subnet/subnet-0e898dbbb445b3f89",
            "assign_ipv6_address_on_creation": false,
            "availability_zone": "ap-northeast-1a",
            "availability_zone_id": "apne1-az4",
            "cidr_block": "20.10.1.0/24",
            "default_for_az": false,
            "filter": [
              {
                "name": "tag:Name",
                "values": [
                  "prod-ivy-1a"
                ]
              }
            ],
            "id": "subnet-0e898dbbb445b3f89",
            "ipv6_cidr_block": null,
            "ipv6_cidr_block_association_id": null,
            "map_public_ip_on_launch": true,
            "outpost_arn": "",
            "owner_id": "198098511860",
            "state": "available",
            "tags": {
              "Name": "prod-ivy-1a"
            },
            "vpc_id": "vpc-0c375c2ac738dcd6d"
          }
        }
      ]
    },
    {
      "mode": "data",
      "type": "aws_subnet",
      "name": "public_az2",
      "provider": "provider.aws",
      "instances": [
        {
          "schema_version": 0,
          "attributes": {
            "arn": "arn:aws:ec2:ap-northeast-1:198098511860:subnet/subnet-09815e7706a7d215a",
            "assign_ipv6_address_on_creation": false,
            "availability_zone": "ap-northeast-1c",
            "availability_zone_id": "apne1-az1",
            "cidr_block": "20.10.2.0/24",
            "default_for_az": false,
            "filter": [
              {
                "name": "tag:Name",
                "values": [
                  "prod-ivy-1c"
                ]
              }
            ],
            "id": "subnet-09815e7706a7d215a",
            "ipv6_cidr_block": null,
            "ipv6_cidr_block_association_id": null,
            "map_public_ip_on_launch": true,
            "outpost_arn": "",
            "owner_id": "198098511860",
            "state": "available",
            "tags": {
              "Name": "prod-ivy-1c"
            },
            "vpc_id": "vpc-0c375c2ac738dcd6d"
          }
        }
      ]
    },
    {
      "mode": "data",
      "type": "aws_subnet",
      "name": "public_az3",
      "provider": "provider.aws",
      "instances": [
        {
          "schema_version": 0,
          "attributes": {
            "arn": "arn:aws:ec2:ap-northeast-1:198098511860:subnet/subnet-09d426d226d63de9e",
            "assign_ipv6_address_on_creation": false,
            "availability_zone": "ap-northeast-1d",
            "availability_zone_id": "apne1-az2",
            "cidr_block": "20.10.3.0/24",
            "default_for_az": false,
            "filter": [
              {
                "name": "tag:Name",
                "values": [
                  "prod-ivy-1d"
                ]
              }
            ],
            "id": "subnet-09d426d226d63de9e",
            "ipv6_cidr_block": null,
            "ipv6_cidr_block_association_id": null,
            "map_public_ip_on_launch": true,
            "outpost_arn": "",
            "owner_id": "198098511860",
            "state": "available",
            "tags": {
              "Name": "prod-ivy-1d"
            },
            "vpc_id": "vpc-0c375c2ac738dcd6d"
          }
        }
      ]
    },
    {
      "mode": "data",
      "type": "aws_vpc",
      "name": "this",
      "provider": "provider.aws",
      "instances": [
        {
          "schema_version": 0,
          "attributes": {
            "arn": "arn:aws:ec2:ap-northeast-1:198098511860:vpc/vpc-0c375c2ac738dcd6d",
            "cidr_block": "20.10.0.0/16",
            "cidr_block_associations": [
              {
                "association_id": "vpc-cidr-assoc-0f54544217f08966e",
                "cidr_block": "20.10.0.0/16",
                "state": "associated"
              }
            ],
            "default": false,
            "dhcp_options_id": "dopt-3233cf55",
            "enable_dns_hostnames": true,
            "enable_dns_support": true,
            "filter": [
              {
                "name": "tag:Name",
                "values": [
                  "prod-ivy"
                ]
              }
            ],
            "id": "vpc-0c375c2ac738dcd6d",
            "instance_tenancy": "default",
            "ipv6_association_id": null,
            "ipv6_cidr_block": null,
            "main_route_table_id": "rtb-084da4ce05ff73757",
            "owner_id": "198098511860",
            "state": "available",
            "tags": {
              "Name": "prod-ivy"
            }
          }
        }
      ]
    },
    {
      "mode": "managed",
      "type": "aws_autoscaling_attachment",
      "name": "this",
      "provider": "provider.aws",
      "instances": [
        {
          "schema_version": 0,
          "attributes": {
            "alb_target_group_arn": "arn:aws:elasticloadbalancing:ap-northeast-1:198098511860:targetgroup/prod-ivy-1-tg/741dbd38f49a9ced",
            "autoscaling_group_name": "prod-ivy-1-asg",
            "elb": null,
            "id": "prod-ivy-1-asg-20200609080824582000000001"
          },
          "depends_on": [
            "aws_autoscaling_group.this",
            "aws_lb_target_group.this"
          ]
        }
      ]
    },
    {
      "mode": "managed",
      "type": "aws_autoscaling_group",
      "name": "this",
      "provider": "provider.aws",
      "instances": [
        {
          "schema_version": 0,
          "attributes": {
            "arn": "arn:aws:autoscaling:ap-northeast-1:198098511860:autoScalingGroup:fe7021f9-e1e9-4dc0-bb2a-13de83aa076d:autoScalingGroupName/prod-ivy-1-asg",
            "availability_zones": [
              "ap-northeast-1a",
              "ap-northeast-1c",
              "ap-northeast-1d"
            ],
            "default_cooldown": 300,
            "desired_capacity": 1,
            "enabled_metrics": null,
            "force_delete": true,
            "health_check_grace_period": 300,
            "health_check_type": "ELB",
            "id": "prod-ivy-1-asg",
            "initial_lifecycle_hook": [],
            "launch_configuration": "prod-ivy-amzn2-t2small-20200609080419537100000001",
            "launch_template": [],
            "load_balancers": [],
            "max_instance_lifetime": 0,
            "max_size": 5,
            "metrics_granularity": "1Minute",
            "min_elb_capacity": null,
            "min_size": 1,
            "mixed_instances_policy": [],
            "name": "prod-ivy-1-asg",
            "name_prefix": null,
            "placement_group": "",
            "protect_from_scale_in": false,
            "service_linked_role_arn": "arn:aws:iam::198098511860:role/aws-service-role/autoscaling.amazonaws.com/AWSServiceRoleForAutoScaling",
            "suspended_processes": null,
            "tag": [
              {
                "key": "Name",
                "propagate_at_launch": true,
                "value": "prod-ivy-1"
              }
            ],
            "tags": null,
            "target_group_arns": [],
            "termination_policies": null,
            "timeouts": null,
            "vpc_zone_identifier": [
              "subnet-09815e7706a7d215a",
              "subnet-09d426d226d63de9e",
              "subnet-0e898dbbb445b3f89"
            ],
            "wait_for_capacity_timeout": "10m",
            "wait_for_elb_capacity": null
          },
          "depends_on": [
            "data.aws_availability_zones.all",
            "data.aws_launch_configuration.this",
            "data.aws_subnet.public_az1",
            "data.aws_subnet.public_az2",
            "data.aws_subnet.public_az3"
          ]
        }
      ]
    },
    {
      "module": "module.rds",
      "mode": "managed",
      "type": "aws_db_instance",
      "name": "this",
      "provider": "provider.aws",
      "instances": []
    },
    {
      "module": "module.rds",
      "mode": "managed",
      "type": "aws_db_option_group",
      "name": "this",
      "provider": "provider.aws",
      "instances": [
        {
          "schema_version": 0,
          "attributes": {
            "arn": "arn:aws:rds:ap-northeast-1:198098511860:og:prod-ivy-1-mysql",
            "engine_name": "mysql",
            "id": "prod-ivy-1-mysql",
            "major_engine_version": "5.7",
            "name": "prod-ivy-1-mysql",
            "name_prefix": null,
            "option": [
              {
                "db_security_group_memberships": [],
                "option_name": "MARIADB_AUDIT_PLUGIN",
                "option_settings": [],
                "port": null,
                "version": "",
                "vpc_security_group_memberships": []
              }
            ],
            "option_group_description": "Managed by Terraform",
            "tags": null,
            "timeouts": {
              "delete": "5m"
            }
          }
        }
      ]
    },
    {
      "module": "module.rds",
      "mode": "managed",
      "type": "aws_db_parameter_group",
      "name": "this",
      "provider": "provider.aws",
      "instances": [
        {
          "schema_version": 0,
          "attributes": {
            "arn": "arn:aws:rds:ap-northeast-1:198098511860:pg:prod-ivy-1-mysql",
            "description": "Managed by Terraform",
            "family": "mysql5.7",
            "id": "prod-ivy-1-mysql",
            "name": "prod-ivy-1-mysql",
            "name_prefix": null,
            "parameter": [
              {
                "apply_method": "immediate",
                "name": "character_set_database",
                "value": "utf8mb4"
              },
              {
                "apply_method": "immediate",
                "name": "character_set_server",
                "value": "utf8mb4"
              }
            ],
            "tags": null
          }
        }
      ]
    },
    {
      "module": "module.rds",
      "mode": "managed",
      "type": "aws_db_subnet_group",
      "name": "this",
      "provider": "provider.aws",
      "instances": [
        {
          "schema_version": 0,
          "attributes": {
            "arn": "arn:aws:rds:ap-northeast-1:198098511860:subgrp:prod-ivy-1-mysql",
            "description": "prod-ivy-1-mysql",
            "id": "prod-ivy-1-mysql",
            "name": "prod-ivy-1-mysql",
            "name_prefix": null,
            "subnet_ids": [
              "subnet-09ae694b08d65d4dc",
              "subnet-0a24e29ef37ed1824",
              "subnet-0d74c6d46651fb840"
            ],
            "tags": null
          }
        }
      ]
    },
    {
      "module": "module.rds",
      "mode": "managed",
      "type": "aws_elasticache_parameter_group",
      "name": "this",
      "provider": "provider.aws",
      "instances": [
        {
          "schema_version": 0,
          "attributes": {
            "description": "Managed by Terraform",
            "family": "redis5.0",
            "id": "prod-ivy-1-redis",
            "name": "prod-ivy-1-redis",
            "parameter": [
              {
                "name": "cluster-enabled",
                "value": "no"
              }
            ]
          }
        }
      ]
    },
    {
      "module": "module.rds",
      "mode": "managed",
      "type": "aws_elasticache_replication_group",
      "name": "this",
      "provider": "provider.aws",
      "instances": [
        {
          "schema_version": 1,
          "attributes": {
            "apply_immediately": false,
            "at_rest_encryption_enabled": false,
            "auth_token": "",
            "auto_minor_version_upgrade": true,
            "automatic_failover_enabled": false,
            "availability_zones": null,
            "cluster_mode": [],
            "configuration_endpoint_address": null,
            "engine": "redis",
            "engine_version": "5.0.3",
            "id": "prod-ivy-1-redis",
            "kms_key_id": "",
            "maintenance_window": "mon:10:40-mon:11:40",
            "member_clusters": [
              "prod-ivy-1-redis-001"
            ],
            "node_type": "cache.m3.medium",
            "notification_topic_arn": null,
            "number_cache_clusters": 1,
            "parameter_group_name": "prod-ivy-1-redis",
            "port": 6379,
            "primary_endpoint_address": "prod-ivy-1-redis.vh8zy7.ng.0001.apne1.cache.amazonaws.com",
            "replication_group_description": "Cluster Disabled",
            "replication_group_id": "prod-ivy-1-redis",
            "security_group_ids": [
              "sg-03a466018db8b4f0b"
            ],
            "security_group_names": [],
            "snapshot_arns": null,
            "snapshot_name": null,
            "snapshot_retention_limit": 7,
            "snapshot_window": "09:10-10:10",
            "subnet_group_name": "prod-ivy-1-redis",
            "tags": null,
            "timeouts": null,
            "transit_encryption_enabled": false
          },
          "depends_on": [
            "aws_elasticache_parameter_group.this",
            "aws_elasticache_subnet_group.this"
          ]
        }
      ]
    },
    {
      "module": "module.rds",
      "mode": "managed",
      "type": "aws_elasticache_subnet_group",
      "name": "this",
      "provider": "provider.aws",
      "instances": [
        {
          "schema_version": 0,
          "attributes": {
            "description": "Managed by Terraform",
            "id": "prod-ivy-1-redis",
            "name": "prod-ivy-1-redis",
            "subnet_ids": [
              "subnet-09ae694b08d65d4dc",
              "subnet-0a24e29ef37ed1824",
              "subnet-0d74c6d46651fb840"
            ]
          }
        }
      ]
    },
    {
      "module": "module.rds",
      "mode": "managed",
      "type": "aws_kms_alias",
      "name": "db",
      "provider": "provider.aws",
      "instances": [
        {
          "schema_version": 0,
          "attributes": {
            "arn": "arn:aws:kms:ap-northeast-1:198098511860:alias/db-prod-ivy-1-mysql",
            "id": "alias/db-prod-ivy-1-mysql",
            "name": "alias/db-prod-ivy-1-mysql",
            "name_prefix": null,
            "target_key_arn": "arn:aws:kms:ap-northeast-1:198098511860:key/112b80dc-64dc-47ee-adb3-8d79a9cef6b7",
            "target_key_id": "112b80dc-64dc-47ee-adb3-8d79a9cef6b7"
          },
          "depends_on": [
            "aws_kms_key.db"
          ]
        }
      ]
    },
    {
      "module": "module.rds",
      "mode": "managed",
      "type": "aws_kms_key",
      "name": "db",
      "provider": "provider.aws",
      "instances": [
        {
          "schema_version": 0,
          "attributes": {
            "arn": "arn:aws:kms:ap-northeast-1:198098511860:key/112b80dc-64dc-47ee-adb3-8d79a9cef6b7",
            "customer_master_key_spec": "SYMMETRIC_DEFAULT",
            "deletion_window_in_days": 30,
            "description": "DB Master Key",
            "enable_key_rotation": false,
            "id": "112b80dc-64dc-47ee-adb3-8d79a9cef6b7",
            "is_enabled": true,
            "key_id": "112b80dc-64dc-47ee-adb3-8d79a9cef6b7",
            "key_usage": "ENCRYPT_DECRYPT",
            "policy": "{\"Id\":\"key-default-1\",\"Statement\":[{\"Action\":\"kms:*\",\"Effect\":\"Allow\",\"Principal\":{\"AWS\":\"arn:aws:iam::198098511860:root\"},\"Resource\":\"*\",\"Sid\":\"Enable IAM User Permissions\"}],\"Version\":\"2012-10-17\"}",
            "tags": null
          }
        }
      ]
    },
    {
      "mode": "managed",
      "type": "aws_lb_listener_rule",
      "name": "this",
      "provider": "provider.aws",
      "instances": [
        {
          "schema_version": 0,
          "attributes": {
            "action": [
              {
                "authenticate_cognito": [],
                "authenticate_oidc": [],
                "fixed_response": [],
                "order": 1,
                "redirect": [],
                "target_group_arn": "arn:aws:elasticloadbalancing:ap-northeast-1:198098511860:targetgroup/prod-ivy-1-tg/741dbd38f49a9ced",
                "type": "forward"
              }
            ],
            "arn": "arn:aws:elasticloadbalancing:ap-northeast-1:198098511860:listener-rule/app/prod-ivy/d53b924ef48ef5dd/7e8982a733bc1f73/6443a294af593673",
            "condition": [
              {
                "field": "path-pattern",
                "host_header": [],
                "http_header": [],
                "http_request_method": [],
                "path_pattern": [
                  {
                    "values": [
                      "/*"
                    ]
                  }
                ],
                "query_string": [],
                "source_ip": [],
                "values": [
                  "/*"
                ]
              }
            ],
            "id": "arn:aws:elasticloadbalancing:ap-northeast-1:198098511860:listener-rule/app/prod-ivy/d53b924ef48ef5dd/7e8982a733bc1f73/6443a294af593673",
            "listener_arn": "arn:aws:elasticloadbalancing:ap-northeast-1:198098511860:listener/app/prod-ivy/d53b924ef48ef5dd/7e8982a733bc1f73",
            "priority": 100
          },
          "depends_on": [
            "aws_lb_target_group.this",
            "data.aws_lb_listener.this"
          ]
        }
      ]
    },
    {
      "mode": "managed",
      "type": "aws_lb_target_group",
      "name": "this",
      "provider": "provider.aws",
      "instances": [
        {
          "schema_version": 0,
          "attributes": {
            "arn": "arn:aws:elasticloadbalancing:ap-northeast-1:198098511860:targetgroup/prod-ivy-1-tg/741dbd38f49a9ced",
            "arn_suffix": "targetgroup/prod-ivy-1-tg/741dbd38f49a9ced",
            "deregistration_delay": 250,
            "health_check": [
              {
                "enabled": true,
                "healthy_threshold": 2,
                "interval": 30,
                "matcher": "200",
                "path": "/",
                "port": "traffic-port",
                "protocol": "HTTP",
                "timeout": 3,
                "unhealthy_threshold": 2
              }
            ],
            "id": "arn:aws:elasticloadbalancing:ap-northeast-1:198098511860:targetgroup/prod-ivy-1-tg/741dbd38f49a9ced",
            "lambda_multi_value_headers_enabled": false,
            "load_balancing_algorithm_type": "round_robin",
            "name": "prod-ivy-1-tg",
            "name_prefix": null,
            "port": 80,
            "protocol": "HTTP",
            "proxy_protocol_v2": false,
            "slow_start": 0,
            "stickiness": [
              {
                "cookie_duration": 86400,
                "enabled": false,
                "type": "lb_cookie"
              }
            ],
            "tags": null,
            "target_type": "instance",
            "vpc_id": "vpc-0c375c2ac738dcd6d"
          },
          "depends_on": [
            "data.aws_lb.this",
            "data.aws_vpc.this"
          ]
        }
      ]
    }
  ]
}
